PODS:
  - Flutter (1.0.0)
  - intro_slider (0.0.1):
    - Flutter

DEPENDENCIES:
  - Flutter (from `.symlinks/flutter/ios`)
  - intro_slider (from `.symlinks/plugins/intro_slider/ios`)

EXTERNAL SOURCES:
  Flutter:
    :path: ".symlinks/flutter/ios"
  intro_slider:
    :path: ".symlinks/plugins/intro_slider/ios"

SPEC CHECKSUMS:
  Flutter: 9d0fac939486c9aba2809b7982dfdbb47a7b0296
  intro_slider: 91fd07ac10ba7b34204c326544d3f26d30d78f61

PODFILE CHECKSUM: 1e5af4103afd21ca5ead147d7b81d06f494f51a2

COCOAPODS: 1.5.3
